// !$*UTF8*$!
{
	archiveVersion = 1;
	classes = {
	};
	objectVersion = 50;
	objects = {

/* Begin PBXBuildFile section */
		1157F9F322AC073F00AF0181 /* LineView.swift in Sources */ = {isa = PBXBuildFile; fileRef = 1157F9E822AC073F00AF0181 /* LineView.swift */; };
		1157F9F422AC073F00AF0181 /* SceneDelegate.swift in Sources */ = {isa = PBXBuildFile; fileRef = 1157F9E922AC073F00AF0181 /* SceneDelegate.swift */; };
		1157F9F722AC076300AF0181 /* LineModel.swift in Sources */ = {isa = PBXBuildFile; fileRef = 1157F9F022AC073F00AF0181 /* LineModel.swift */; };
		1157F9F822AC076300AF0181 /* MockData.swift in Sources */ = {isa = PBXBuildFile; fileRef = 1157F9F122AC073F00AF0181 /* MockData.swift */; };
		1157F9F922AC076300AF0181 /* Line.swift in Sources */ = {isa = PBXBuildFile; fileRef = 1157F9F222AC073F00AF0181 /* Line.swift */; };
		1157F9FC22AC076A00AF0181 /* LineRow.swift in Sources */ = {isa = PBXBuildFile; fileRef = 1157F9EB22AC073F00AF0181 /* LineRow.swift */; };
		1157FA0022AC298D00AF0181 /* TfLService.swift in Sources */ = {isa = PBXBuildFile; fileRef = 1157F9FF22AC298D00AF0181 /* TfLService.swift */; };
		116B683B22A9E8BA00682311 /* AppDelegate.swift in Sources */ = {isa = PBXBuildFile; fileRef = 116B683A22A9E8BA00682311 /* AppDelegate.swift */; };
		116B684122A9E8BB00682311 /* Assets.xcassets in Resources */ = {isa = PBXBuildFile; fileRef = 116B684022A9E8BB00682311 /* Assets.xcassets */; };
		116B684422A9E8BB00682311 /* Preview Assets.xcassets in Resources */ = {isa = PBXBuildFile; fileRef = 116B684322A9E8BB00682311 /* Preview Assets.xcassets */; };
		116B684722A9E8BB00682311 /* LaunchScreen.storyboard in Resources */ = {isa = PBXBuildFile; fileRef = 116B684522A9E8BB00682311 /* LaunchScreen.storyboard */; };
/* End PBXBuildFile section */

/* Begin PBXFileReference section */
		1157F9E722AC073F00AF0181 /* lineData.json */ = {isa = PBXFileReference; lastKnownFileType = text.json; path = lineData.json; sourceTree = "<group>"; };
		1157F9E822AC073F00AF0181 /* LineView.swift */ = {isa = PBXFileReference; lastKnownFileType = sourcecode.swift; path = LineView.swift; sourceTree = "<group>"; };
		1157F9E922AC073F00AF0181 /* SceneDelegate.swift */ = {isa = PBXFileReference; lastKnownFileType = sourcecode.swift; path = SceneDelegate.swift; sourceTree = "<group>"; };
		1157F9EB22AC073F00AF0181 /* LineRow.swift */ = {isa = PBXFileReference; lastKnownFileType = sourcecode.swift; path = LineRow.swift; sourceTree = "<group>"; };
		1157F9F022AC073F00AF0181 /* LineModel.swift */ = {isa = PBXFileReference; lastKnownFileType = sourcecode.swift; path = LineModel.swift; sourceTree = "<group>"; };
		1157F9F122AC073F00AF0181 /* MockData.swift */ = {isa = PBXFileReference; lastKnownFileType = sourcecode.swift; path = MockData.swift; sourceTree = "<group>"; };
		1157F9F222AC073F00AF0181 /* Line.swift */ = {isa = PBXFileReference; lastKnownFileType = sourcecode.swift; path = Line.swift; sourceTree = "<group>"; };
		1157F9FF22AC298D00AF0181 /* TfLService.swift */ = {isa = PBXFileReference; lastKnownFileType = sourcecode.swift; path = TfLService.swift; sourceTree = "<group>"; };
		116B683722A9E8BA00682311 /* Tube Status.app */ = {isa = PBXFileReference; explicitFileType = wrapper.application; includeInIndex = 0; path = "Tube Status.app"; sourceTree = BUILT_PRODUCTS_DIR; };
		116B683A22A9E8BA00682311 /* AppDelegate.swift */ = {isa = PBXFileReference; lastKnownFileType = sourcecode.swift; path = AppDelegate.swift; sourceTree = "<group>"; };
		116B684022A9E8BB00682311 /* Assets.xcassets */ = {isa = PBXFileReference; lastKnownFileType = folder.assetcatalog; path = Assets.xcassets; sourceTree = "<group>"; };
		116B684322A9E8BB00682311 /* Preview Assets.xcassets */ = {isa = PBXFileReference; lastKnownFileType = folder.assetcatalog; path = "Preview Assets.xcassets"; sourceTree = "<group>"; };
		116B684622A9E8BB00682311 /* Base */ = {isa = PBXFileReference; lastKnownFileType = file.storyboard; name = Base; path = Base.lproj/LaunchScreen.storyboard; sourceTree = "<group>"; };
		116B684822A9E8BB00682311 /* Info.plist */ = {isa = PBXFileReference; lastKnownFileType = text.plist.xml; path = Info.plist; sourceTree = "<group>"; };
/* End PBXFileReference section */

/* Begin PBXFrameworksBuildPhase section */
		116B683422A9E8BA00682311 /* Frameworks */ = {
			isa = PBXFrameworksBuildPhase;
			buildActionMask = 2147483647;
			files = (
			);
			runOnlyForDeploymentPostprocessing = 0;
		};
/* End PBXFrameworksBuildPhase section */

/* Begin PBXGroup section */
		1157F9EA22AC073F00AF0181 /* Supporting Views */ = {
			isa = PBXGroup;
			children = (
				1157F9EB22AC073F00AF0181 /* LineRow.swift */,
			);
			path = "Supporting Views";
			sourceTree = "<group>";
		};
		1157F9EF22AC073F00AF0181 /* Model */ = {
			isa = PBXGroup;
			children = (
				1157F9F022AC073F00AF0181 /* LineModel.swift */,
				1157F9F122AC073F00AF0181 /* MockData.swift */,
				1157F9F222AC073F00AF0181 /* Line.swift */,
				1157F9FF22AC298D00AF0181 /* TfLService.swift */,
			);
			path = Model;
			sourceTree = "<group>";
		};
		116B682E22A9E8BA00682311 = {
			isa = PBXGroup;
			children = (
				116B683922A9E8BA00682311 /* Tube Status */,
				116B683822A9E8BA00682311 /* Products */,
			);
			sourceTree = "<group>";
		};
		116B683822A9E8BA00682311 /* Products */ = {
			isa = PBXGroup;
			children = (
				116B683722A9E8BA00682311 /* Tube Status.app */,
			);
			name = Products;
			sourceTree = "<group>";
		};
		116B683922A9E8BA00682311 /* Tube Status */ = {
			isa = PBXGroup;
			children = (
				116B683A22A9E8BA00682311 /* AppDelegate.swift */,
				1157F9E922AC073F00AF0181 /* SceneDelegate.swift */,
				1157F9E722AC073F00AF0181 /* lineData.json */,
				1157F9E822AC073F00AF0181 /* LineView.swift */,
				1157F9EF22AC073F00AF0181 /* Model */,
				1157F9EA22AC073F00AF0181 /* Supporting Views */,
				116B684022A9E8BB00682311 /* Assets.xcassets */,
				116B684522A9E8BB00682311 /* LaunchScreen.storyboard */,
				116B684822A9E8BB00682311 /* Info.plist */,
				116B684222A9E8BB00682311 /* Preview Content */,
			);
			path = "Tube Status";
			sourceTree = "<group>";
		};
		116B684222A9E8BB00682311 /* Preview Content */ = {
			isa = PBXGroup;
			children = (
				116B684322A9E8BB00682311 /* Preview Assets.xcassets */,
			);
			path = "Preview Content";
			sourceTree = "<group>";
		};
/* End PBXGroup section */

/* Begin PBXNativeTarget section */
		116B683622A9E8BA00682311 /* Tube Status */ = {
			isa = PBXNativeTarget;
			buildConfigurationList = 116B684B22A9E8BB00682311 /* Build configuration list for PBXNativeTarget "Tube Status" */;
			buildPhases = (
				116B683322A9E8BA00682311 /* Sources */,
				116B683422A9E8BA00682311 /* Frameworks */,
				116B683522A9E8BA00682311 /* Resources */,
			);
			buildRules = (
			);
			dependencies = (
			);
			name = "Tube Status";
			productName = "Tube Status";
			productReference = 116B683722A9E8BA00682311 /* Tube Status.app */;
			productType = "com.apple.product-type.application";
		};
/* End PBXNativeTarget section */

/* Begin PBXProject section */
		116B682F22A9E8BA00682311 /* Project object */ = {
			isa = PBXProject;
			attributes = {
				LastSwiftUpdateCheck = 1100;
				LastUpgradeCheck = 1100;
				ORGANIZATIONNAME = "Clarence Ji";
				TargetAttributes = {
					116B683622A9E8BA00682311 = {
						CreatedOnToolsVersion = 11.0;
					};
				};
			};
			buildConfigurationList = 116B683222A9E8BA00682311 /* Build configuration list for PBXProject "Tube Status" */;
			compatibilityVersion = "Xcode 9.3";
			developmentRegion = en;
			hasScannedForEncodings = 0;
			knownRegions = (
				en,
				Base,
			);
			mainGroup = 116B682E22A9E8BA00682311;
			productRefGroup = 116B683822A9E8BA00682311 /* Products */;
			projectDirPath = "";
			projectRoot = "";
			targets = (
				116B683622A9E8BA00682311 /* Tube Status */,
			);
		};
/* End PBXProject section */

/* Begin PBXResourcesBuildPhase section */
		116B683522A9E8BA00682311 /* Resources */ = {
			isa = PBXResourcesBuildPhase;
			buildActionMask = 2147483647;
			files = (
				116B684722A9E8BB00682311 /* LaunchScreen.storyboard in Resources */,
				116B684422A9E8BB00682311 /* Preview Assets.xcassets in Resources */,
				116B684122A9E8BB00682311 /* Assets.xcassets in Resources */,
			);
			runOnlyForDeploymentPostprocessing = 0;
		};
/* End PBXResourcesBuildPhase section */

/* Begin PBXSourcesBuildPhase section */
		116B683322A9E8BA00682311 /* Sources */ = {
			isa = PBXSourcesBuildPhase;
			buildActionMask = 2147483647;
			files = (
				1157F9F322AC073F00AF0181 /* LineView.swift in Sources */,
				116B683B22A9E8BA00682311 /* AppDelegate.swift in Sources */,
				1157F9F422AC073F00AF0181 /* SceneDelegate.swift in Sources */,
				1157F9F922AC076300AF0181 /* Line.swift in Sources */,
				1157F9F722AC076300AF0181 /* LineModel.swift in Sources */,
				1157FA0022AC298D00AF0181 /* TfLService.swift in Sources */,
				1157F9FC22AC076A00AF0181 /* LineRow.swift in Sources */,
				1157F9F822AC076300AF0181 /* MockData.swift in Sources */,
			);
			runOnlyForDeploymentPostprocessing = 0;
		};
/* End PBXSourcesBuildPhase section */

/* Begin PBXVariantGroup section */
		116B684522A9E8BB00682311 /* LaunchScreen.storyboard */ = {
			isa = PBXVariantGroup;
			children = (
				116B684622A9E8BB00682311 /* Base */,
			);
			name = LaunchScreen.storyboard;
			sourceTree = "<group>";
		};
/* End PBXVariantGroup section */

/* Begin XCBuildConfiguration section */
		116B684922A9E8BB00682311 /* Debug */ = {
			isa = XCBuildConfiguration;
			buildSettings = {
				ALWAYS_SEARCH_USER_PATHS = NO;
				CLANG_ANALYZER_NONNULL = YES;
				CLANG_ANALYZER_NUMBER_OBJECT_CONVERSION = YES_AGGRESSIVE;
				CLANG_CXX_LANGUAGE_STANDARD = "gnu++14";
				CLANG_CXX_LIBRARY = "libc++";
				CLANG_ENABLE_MODULES = YES;
				CLANG_ENABLE_OBJC_ARC = YES;
				CLANG_ENABLE_OBJC_WEAK = YES;
				CLANG_WARN_BLOCK_CAPTURE_AUTORELEASING = YES;
				CLANG_WARN_BOOL_CONVERSION = YES;
				CLANG_WARN_COMMA = YES;
				CLANG_WARN_CONSTANT_CONVERSION = YES;
				CLANG_WARN_DEPRECATED_OBJC_IMPLEMENTATIONS = YES;
				CLANG_WARN_DIRECT_OBJC_ISA_USAGE = YES_ERROR;
				CLANG_WARN_DOCUMENTATION_COMMENTS = YES;
				CLANG_WARN_EMPTY_BODY = YES;
				CLANG_WARN_ENUM_CONVERSION = YES;
				CLANG_WARN_INFINITE_RECURSION = YES;
				CLANG_WARN_INT_CONVERSION = YES;
				CLANG_WARN_NON_LITERAL_NULL_CONVERSION = YES;
				CLANG_WARN_OBJC_IMPLICIT_RETAIN_SELF = YES;
				CLANG_WARN_OBJC_LITERAL_CONVERSION = YES;
				CLANG_WARN_OBJC_ROOT_CLASS = YES_ERROR;
				CLANG_WARN_RANGE_LOOP_ANALYSIS = YES;
				CLANG_WARN_STRICT_PROTOTYPES = YES;
				CLANG_WARN_SUSPICIOUS_MOVE = YES;
				CLANG_WARN_UNGUARDED_AVAILABILITY = YES_AGGRESSIVE;
				CLANG_WARN_UNREACHABLE_CODE = YES;
				CLANG_WARN__DUPLICATE_METHOD_MATCH = YES;
				COPY_PHASE_STRIP = NO;
				DEBUG_INFORMATION_FORMAT = dwarf;
				ENABLE_STRICT_OBJC_MSGSEND = YES;
				ENABLE_TESTABILITY = YES;
				GCC_C_LANGUAGE_STANDARD = gnu11;
				GCC_DYNAMIC_NO_PIC = NO;
				GCC_NO_COMMON_BLOCKS = YES;
				GCC_OPTIMIZATION_LEVEL = 0;
				GCC_PREPROCESSOR_DEFINITIONS = (
					"DEBUG=1",
					"$(inherited)",
				);
				GCC_WARN_64_TO_32_BIT_CONVERSION = YES;
				GCC_WARN_ABOUT_RETURN_TYPE = YES_ERROR;
				GCC_WARN_UNDECLARED_SELECTOR = YES;
				GCC_WARN_UNINITIALIZED_AUTOS = YES_AGGRESSIVE;
				GCC_WARN_UNUSED_FUNCTION = YES;
				GCC_WARN_UNUSED_VARIABLE = YES;
				IPHONEOS_DEPLOYMENT_TARGET = 13.0;
				MTL_ENABLE_DEBUG_INFO = INCLUDE_SOURCE;
				MTL_FAST_MATH = YES;
				ONLY_ACTIVE_ARCH = YES;
				SDKROOT = iphoneos;
				SWIFT_ACTIVE_COMPILATION_CONDITIONS = DEBUG;
				SWIFT_OPTIMIZATION_LEVEL = "-Onone";
			};
			name = Debug;
		};
		116B684A22A9E8BB00682311 /* Release */ = {
			isa = XCBuildConfiguration;
			buildSettings = {
				ALWAYS_SEARCH_USER_PATHS = NO;
				CLANG_ANALYZER_NONNULL = YES;
				CLANG_ANALYZER_NUMBER_OBJECT_CONVERSION = YES_AGGRESSIVE;
				CLANG_CXX_LANGUAGE_STANDARD = "gnu++14";
				CLANG_CXX_LIBRARY = "libc++";
				CLANG_ENABLE_MODULES = YES;
				CLANG_ENABLE_OBJC_ARC = YES;
				CLANG_ENABLE_OBJC_WEAK = YES;
				CLANG_WARN_BLOCK_CAPTURE_AUTORELEASING = YES;
				CLANG_WARN_BOOL_CONVERSION = YES;
				CLANG_WARN_COMMA = YES;
				CLANG_WARN_CONSTANT_CONVERSION = YES;
				CLANG_WARN_DEPRECATED_OBJC_IMPLEMENTATIONS = YES;
				CLANG_WARN_DIRECT_OBJC_ISA_USAGE = YES_ERROR;
				CLANG_WARN_DOCUMENTATION_COMMENTS = YES;
				CLANG_WARN_EMPTY_BODY = YES;
				CLANG_WARN_ENUM_CONVERSION = YES;
				CLANG_WARN_INFINITE_RECURSION = YES;
				CLANG_WARN_INT_CONVERSION = YES;
				CLANG_WARN_NON_LITERAL_NULL_CONVERSION = YES;
				CLANG_WARN_OBJC_IMPLICIT_RETAIN_SELF = YES;
				CLANG_WARN_OBJC_LITERAL_CONVERSION = YES;
				CLANG_WARN_OBJC_ROOT_CLASS = YES_ERROR;
				CLANG_WARN_RANGE_LOOP_ANALYSIS = YES;
				CLANG_WARN_STRICT_PROTOTYPES = YES;
				CLANG_WARN_SUSPICIOUS_MOVE = YES;
				CLANG_WARN_UNGUARDED_AVAILABILITY = YES_AGGRESSIVE;
				CLANG_WARN_UNREACHABLE_CODE = YES;
				CLANG_WARN__DUPLICATE_METHOD_MATCH = YES;
				COPY_PHASE_STRIP = NO;
				DEBUG_INFORMATION_FORMAT = "dwarf-with-dsym";
				ENABLE_NS_ASSERTIONS = NO;
				ENABLE_STRICT_OBJC_MSGSEND = YES;
				GCC_C_LANGUAGE_STANDARD = gnu11;
				GCC_NO_COMMON_BLOCKS = YES;
				GCC_WARN_64_TO_32_BIT_CONVERSION = YES;
				GCC_WARN_ABOUT_RETURN_TYPE = YES_ERROR;
				GCC_WARN_UNDECLARED_SELECTOR = YES;
				GCC_WARN_UNINITIALIZED_AUTOS = YES_AGGRESSIVE;
				GCC_WARN_UNUSED_FUNCTION = YES;
				GCC_WARN_UNUSED_VARIABLE = YES;
				IPHONEOS_DEPLOYMENT_TARGET = 13.0;
				MTL_ENABLE_DEBUG_INFO = NO;
				MTL_FAST_MATH = YES;
				SDKROOT = iphoneos;
				SWIFT_COMPILATION_MODE = wholemodule;
				SWIFT_OPTIMIZATION_LEVEL = "-O";
				VALIDATE_PRODUCT = YES;
			};
			name = Release;
		};
		116B684C22A9E8BB00682311 /* Debug */ = {
			isa = XCBuildConfiguration;
			buildSettings = {
				ASSETCATALOG_COMPILER_APPICON_NAME = AppIcon;
				CODE_SIGN_STYLE = Automatic;
				DEVELOPMENT_ASSET_PATHS = "\"Tube Status\"/Preview\\ Content";
				DEVELOPMENT_TEAM = G6TTA6H999;
				ENABLE_PREVIEWS = YES;
				INFOPLIST_FILE = "Tube Status/Info.plist";
				LD_RUNPATH_SEARCH_PATHS = (
					"$(inherited)",
					"@executable_path/Frameworks",
				);
				PRODUCT_BUNDLE_IDENTIFIER = "net.clarenceji.sample-code.Tube-Status";
				PRODUCT_NAME = "$(TARGET_NAME)";
				SWIFT_VERSION = 5.0;
				TARGETED_DEVICE_FAMILY = "1,2";
			};
			name = Debug;
		};
		116B684D22A9E8BB00682311 /* Release */ = {
			isa = XCBuildConfiguration;
			buildSettings = {
				ASSETCATALOG_COMPILER_APPICON_NAME = AppIcon;
				CODE_SIGN_STYLE = Automatic;
				DEVELOPMENT_ASSET_PATHS = "\"Tube Status\"/Preview\\ Content";
				DEVELOPMENT_TEAM = G6TTA6H999;
				ENABLE_PREVIEWS = YES;
				INFOPLIST_FILE = "Tube Status/Info.plist";
				LD_RUNPATH_SEARCH_PATHS = (
					"$(inherited)",
					"@executable_path/Frameworks",
				);
				PRODUCT_BUNDLE_IDENTIFIER = "net.clarenceji.sample-code.Tube-Status";
				PRODUCT_NAME = "$(TARGET_NAME)";
				SWIFT_VERSION = 5.0;
				TARGETED_DEVICE_FAMILY = "1,2";
			};
			name = Release;
		};
/* End XCBuildConfiguration section */

/* Begin XCConfigurationList section */
		116B683222A9E8BA00682311 /* Build configuration list for PBXProject "Tube Status" */ = {
			isa = XCConfigurationList;
			buildConfigurations = (
				116B684922A9E8BB00682311 /* Debug */,
				116B684A22A9E8BB00682311 /* Release */,
			);
			defaultConfigurationIsVisible = 0;
			defaultConfigurationName = Release;
		};
		116B684B22A9E8BB00682311 /* Build configuration list for PBXNativeTarget "Tube Status" */ = {
			isa = XCConfigurationList;
			buildConfigurations = (
				116B684C22A9E8BB00682311 /* Debug */,
				116B684D22A9E8BB00682311 /* Release */,
			);
			defaultConfigurationIsVisible = 0;
			defaultConfigurationName = Release;
		};
/* End XCConfigurationList section */
	};
	rootObject = 116B682F22A9E8BA00682311 /* Project object */;
}
